// !$*UTF8*$!
{
	archiveVersion = 1;
	classes = {
	};
	objectVersion = 46;
	objects = {

/* Begin PBXBuildFile section */
		FB0C9DB81D22512500E5DBF4 /* main.m in Sources */ = {isa = PBXBuildFile; fileRef = FB0C9DB71D22512500E5DBF4 /* main.m */; };
		FB0C9DBB1D22512500E5DBF4 /* AppDelegate.m in Sources */ = {isa = PBXBuildFile; fileRef = FB0C9DBA1D22512500E5DBF4 /* AppDelegate.m */; };
		FB0C9DBE1D22512500E5DBF4 /* ViewController.m in Sources */ = {isa = PBXBuildFile; fileRef = FB0C9DBD1D22512500E5DBF4 /* ViewController.m */; };
		FB0C9DC11D22512500E5DBF4 /* Main.storyboard in Resources */ = {isa = PBXBuildFile; fileRef = FB0C9DBF1D22512500E5DBF4 /* Main.storyboard */; };
		FB0C9DC31D22512500E5DBF4 /* Assets.xcassets in Resources */ = {isa = PBXBuildFile; fileRef = FB0C9DC21D22512500E5DBF4 /* Assets.xcassets */; };
		FB0C9DC61D22512500E5DBF4 /* LaunchScreen.storyboard in Resources */ = {isa = PBXBuildFile; fileRef = FB0C9DC41D22512500E5DBF4 /* LaunchScreen.storyboard */; };
		FB0C9DD71D22517F00E5DBF4 /* DocumentPickerViewController.m in Sources */ = {isa = PBXBuildFile; fileRef = FB0C9DD61D22517F00E5DBF4 /* DocumentPickerViewController.m */; };
		FB0C9DDA1D22517F00E5DBF4 /* MainInterface.storyboard in Resources */ = {isa = PBXBuildFile; fileRef = FB0C9DD81D22517F00E5DBF4 /* MainInterface.storyboard */; };
		FB0C9DE61D22517F00E5DBF4 /* FileProvider.m in Sources */ = {isa = PBXBuildFile; fileRef = FB0C9DE51D22517F00E5DBF4 /* FileProvider.m */; };
		FB0C9DEA1D22517F00E5DBF4 /* MKDocumentProviderDemoFileProvider.appex in Embed App Extensions */ = {isa = PBXBuildFile; fileRef = FB0C9DE01D22517F00E5DBF4 /* MKDocumentProviderDemoFileProvider.appex */; settings = {ATTRIBUTES = (RemoveHeadersOnCopy, ); }; };
		FB0C9DED1D22517F00E5DBF4 /* MKDocumentProviderDemo.appex in Embed App Extensions */ = {isa = PBXBuildFile; fileRef = FB0C9DD11D22517F00E5DBF4 /* MKDocumentProviderDemo.appex */; settings = {ATTRIBUTES = (RemoveHeadersOnCopy, ); }; };
		FB0C9DF61D237AE000E5DBF4 /* MobileCoreServices.framework in Frameworks */ = {isa = PBXBuildFile; fileRef = FB0C9DF51D237AE000E5DBF4 /* MobileCoreServices.framework */; };
/* End PBXBuildFile section */

/* Begin PBXContainerItemProxy section */
		FB0C9DE81D22517F00E5DBF4 /* PBXContainerItemProxy */ = {
			isa = PBXContainerItemProxy;
			containerPortal = FB0C9DAB1D22512500E5DBF4 /* Project object */;
			proxyType = 1;
			remoteGlobalIDString = FB0C9DDF1D22517F00E5DBF4;
			remoteInfo = MKDocumentProviderDemoFileProvider;
		};
		FB0C9DEB1D22517F00E5DBF4 /* PBXContainerItemProxy */ = {
			isa = PBXContainerItemProxy;
			containerPortal = FB0C9DAB1D22512500E5DBF4 /* Project object */;
			proxyType = 1;
			remoteGlobalIDString = FB0C9DD01D22517F00E5DBF4;
			remoteInfo = MKDocumentProviderDemo;
		};
		FB0C9E391D23CAE600E5DBF4 /* PBXContainerItemProxy */ = {
			isa = PBXContainerItemProxy;
			containerPortal = FB0C9E351D23CAE600E5DBF4 /* MKTextEdit.xcodeproj */;
			proxyType = 2;
			remoteGlobalIDString = FB0C9E011D23CA9600E5DBF4;
			remoteInfo = MKTextEdit;
		};
/* End PBXContainerItemProxy section */

/* Begin PBXCopyFilesBuildPhase section */
		FB0C9DF41D22517F00E5DBF4 /* Embed App Extensions */ = {
			isa = PBXCopyFilesBuildPhase;
			buildActionMask = 2147483647;
			dstPath = "";
			dstSubfolderSpec = 13;
			files = (
				FB0C9DEA1D22517F00E5DBF4 /* MKDocumentProviderDemoFileProvider.appex in Embed App Extensions */,
				FB0C9DED1D22517F00E5DBF4 /* MKDocumentProviderDemo.appex in Embed App Extensions */,
			);
			name = "Embed App Extensions";
			runOnlyForDeploymentPostprocessing = 0;
		};
/* End PBXCopyFilesBuildPhase section */

/* Begin PBXFileReference section */
		FB0C9DB31D22512500E5DBF4 /* MKDocumentProvider.app */ = {isa = PBXFileReference; explicitFileType = wrapper.application; includeInIndex = 0; path = MKDocumentProvider.app; sourceTree = BUILT_PRODUCTS_DIR; };
		FB0C9DB71D22512500E5DBF4 /* main.m */ = {isa = PBXFileReference; lastKnownFileType = sourcecode.c.objc; path = main.m; sourceTree = "<group>"; };
		FB0C9DB91D22512500E5DBF4 /* AppDelegate.h */ = {isa = PBXFileReference; lastKnownFileType = sourcecode.c.h; path = AppDelegate.h; sourceTree = "<group>"; };
		FB0C9DBA1D22512500E5DBF4 /* AppDelegate.m */ = {isa = PBXFileReference; lastKnownFileType = sourcecode.c.objc; path = AppDelegate.m; sourceTree = "<group>"; };
		FB0C9DBC1D22512500E5DBF4 /* ViewController.h */ = {isa = PBXFileReference; lastKnownFileType = sourcecode.c.h; path = ViewController.h; sourceTree = "<group>"; };
		FB0C9DBD1D22512500E5DBF4 /* ViewController.m */ = {isa = PBXFileReference; lastKnownFileType = sourcecode.c.objc; path = ViewController.m; sourceTree = "<group>"; };
		FB0C9DC01D22512500E5DBF4 /* Base */ = {isa = PBXFileReference; lastKnownFileType = file.storyboard; name = Base; path = Base.lproj/Main.storyboard; sourceTree = "<group>"; };
		FB0C9DC21D22512500E5DBF4 /* Assets.xcassets */ = {isa = PBXFileReference; lastKnownFileType = folder.assetcatalog; path = Assets.xcassets; sourceTree = "<group>"; };
		FB0C9DC51D22512500E5DBF4 /* Base */ = {isa = PBXFileReference; lastKnownFileType = file.storyboard; name = Base; path = Base.lproj/LaunchScreen.storyboard; sourceTree = "<group>"; };
		FB0C9DC71D22512500E5DBF4 /* Info.plist */ = {isa = PBXFileReference; lastKnownFileType = text.plist.xml; path = Info.plist; sourceTree = "<group>"; };
		FB0C9DD11D22517F00E5DBF4 /* MKDocumentProviderDemo.appex */ = {isa = PBXFileReference; explicitFileType = "wrapper.app-extension"; includeInIndex = 0; path = MKDocumentProviderDemo.appex; sourceTree = BUILT_PRODUCTS_DIR; };
		FB0C9DD41D22517F00E5DBF4 /* MKDocumentProviderDemo.entitlements */ = {isa = PBXFileReference; lastKnownFileType = text.xml; path = MKDocumentProviderDemo.entitlements; sourceTree = "<group>"; };
		FB0C9DD51D22517F00E5DBF4 /* DocumentPickerViewController.h */ = {isa = PBXFileReference; lastKnownFileType = sourcecode.c.h; path = DocumentPickerViewController.h; sourceTree = "<group>"; };
		FB0C9DD61D22517F00E5DBF4 /* DocumentPickerViewController.m */ = {isa = PBXFileReference; lastKnownFileType = sourcecode.c.objc; path = DocumentPickerViewController.m; sourceTree = "<group>"; };
		FB0C9DD91D22517F00E5DBF4 /* Base */ = {isa = PBXFileReference; lastKnownFileType = file.storyboard; name = Base; path = Base.lproj/MainInterface.storyboard; sourceTree = "<group>"; };
		FB0C9DDB1D22517F00E5DBF4 /* Info.plist */ = {isa = PBXFileReference; lastKnownFileType = text.plist.xml; path = Info.plist; sourceTree = "<group>"; };
		FB0C9DE01D22517F00E5DBF4 /* MKDocumentProviderDemoFileProvider.appex */ = {isa = PBXFileReference; explicitFileType = "wrapper.app-extension"; includeInIndex = 0; path = MKDocumentProviderDemoFileProvider.appex; sourceTree = BUILT_PRODUCTS_DIR; };
		FB0C9DE31D22517F00E5DBF4 /* MKDocumentProviderDemoFileProvider.entitlements */ = {isa = PBXFileReference; lastKnownFileType = text.xml; path = MKDocumentProviderDemoFileProvider.entitlements; sourceTree = "<group>"; };
		FB0C9DE41D22517F00E5DBF4 /* FileProvider.h */ = {isa = PBXFileReference; lastKnownFileType = sourcecode.c.h; path = FileProvider.h; sourceTree = "<group>"; };
		FB0C9DE51D22517F00E5DBF4 /* FileProvider.m */ = {isa = PBXFileReference; lastKnownFileType = sourcecode.c.objc; path = FileProvider.m; sourceTree = "<group>"; };
		FB0C9DE71D22517F00E5DBF4 /* Info.plist */ = {isa = PBXFileReference; lastKnownFileType = text.plist.xml; path = Info.plist; sourceTree = "<group>"; };
		FB0C9DF51D237AE000E5DBF4 /* MobileCoreServices.framework */ = {isa = PBXFileReference; lastKnownFileType = wrapper.framework; name = MobileCoreServices.framework; path = System/Library/Frameworks/MobileCoreServices.framework; sourceTree = SDKROOT; };
		FB0C9DF71D237DAA00E5DBF4 /* MKDocumentProvider.entitlements */ = {isa = PBXFileReference; lastKnownFileType = text.xml; path = MKDocumentProvider.entitlements; sourceTree = "<group>"; };
		FB0C9E351D23CAE600E5DBF4 /* MKTextEdit.xcodeproj */ = {isa = PBXFileReference; lastKnownFileType = "wrapper.pb-project"; name = MKTextEdit.xcodeproj; path = ../MKTextEdit/MKTextEdit.xcodeproj; sourceTree = "<group>"; };
/* End PBXFileReference section */

/* Begin PBXFrameworksBuildPhase section */
		FB0C9DB01D22512500E5DBF4 /* Frameworks */ = {
			isa = PBXFrameworksBuildPhase;
			buildActionMask = 2147483647;
			files = (
			);
			runOnlyForDeploymentPostprocessing = 0;
		};
		FB0C9DCE1D22517F00E5DBF4 /* Frameworks */ = {
			isa = PBXFrameworksBuildPhase;
			buildActionMask = 2147483647;
			files = (
				FB0C9DF61D237AE000E5DBF4 /* MobileCoreServices.framework in Frameworks */,
			);
			runOnlyForDeploymentPostprocessing = 0;
		};
		FB0C9DDD1D22517F00E5DBF4 /* Frameworks */ = {
			isa = PBXFrameworksBuildPhase;
			buildActionMask = 2147483647;
			files = (
			);
			runOnlyForDeploymentPostprocessing = 0;
		};
/* End PBXFrameworksBuildPhase section */

/* Begin PBXGroup section */
		FB0C9DAA1D22512500E5DBF4 = {
			isa = PBXGroup;
			children = (
				FB0C9E351D23CAE600E5DBF4 /* MKTextEdit.xcodeproj */,
				FB0C9DB51D22512500E5DBF4 /* MKDocumentProvider */,
				FB0C9DD21D22517F00E5DBF4 /* MKDocumentProviderDemo */,
				FB0C9DE11D22517F00E5DBF4 /* MKDocumentProviderDemoFileProvider */,
				FB0C9DB41D22512500E5DBF4 /* Products */,
			);
			sourceTree = "<group>";
		};
		FB0C9DB41D22512500E5DBF4 /* Products */ = {
			isa = PBXGroup;
			children = (
				FB0C9DB31D22512500E5DBF4 /* MKDocumentProvider.app */,
				FB0C9DD11D22517F00E5DBF4 /* MKDocumentProviderDemo.appex */,
				FB0C9DE01D22517F00E5DBF4 /* MKDocumentProviderDemoFileProvider.appex */,
			);
			name = Products;
			sourceTree = "<group>";
		};
		FB0C9DB51D22512500E5DBF4 /* MKDocumentProvider */ = {
			isa = PBXGroup;
			children = (
				FB0C9DF71D237DAA00E5DBF4 /* MKDocumentProvider.entitlements */,
				FB0C9DB91D22512500E5DBF4 /* AppDelegate.h */,
				FB0C9DBA1D22512500E5DBF4 /* AppDelegate.m */,
				FB0C9DBC1D22512500E5DBF4 /* ViewController.h */,
				FB0C9DBD1D22512500E5DBF4 /* ViewController.m */,
				FB0C9DBF1D22512500E5DBF4 /* Main.storyboard */,
				FB0C9DC21D22512500E5DBF4 /* Assets.xcassets */,
				FB0C9DC41D22512500E5DBF4 /* LaunchScreen.storyboard */,
				FB0C9DC71D22512500E5DBF4 /* Info.plist */,
				FB0C9DB61D22512500E5DBF4 /* Supporting Files */,
			);
			path = MKDocumentProvider;
			sourceTree = "<group>";
		};
		FB0C9DB61D22512500E5DBF4 /* Supporting Files */ = {
			isa = PBXGroup;
			children = (
				FB0C9DF51D237AE000E5DBF4 /* MobileCoreServices.framework */,
				FB0C9DB71D22512500E5DBF4 /* main.m */,
			);
			name = "Supporting Files";
			sourceTree = "<group>";
		};
		FB0C9DD21D22517F00E5DBF4 /* MKDocumentProviderDemo */ = {
			isa = PBXGroup;
			children = (
				FB0C9DD51D22517F00E5DBF4 /* DocumentPickerViewController.h */,
				FB0C9DD61D22517F00E5DBF4 /* DocumentPickerViewController.m */,
				FB0C9DD81D22517F00E5DBF4 /* MainInterface.storyboard */,
				FB0C9DDB1D22517F00E5DBF4 /* Info.plist */,
				FB0C9DD31D22517F00E5DBF4 /* Supporting Files */,
			);
			path = MKDocumentProviderDemo;
			sourceTree = "<group>";
		};
		FB0C9DD31D22517F00E5DBF4 /* Supporting Files */ = {
			isa = PBXGroup;
			children = (
				FB0C9DD41D22517F00E5DBF4 /* MKDocumentProviderDemo.entitlements */,
			);
			name = "Supporting Files";
			sourceTree = "<group>";
		};
		FB0C9DE11D22517F00E5DBF4 /* MKDocumentProviderDemoFileProvider */ = {
			isa = PBXGroup;
			children = (
				FB0C9DE41D22517F00E5DBF4 /* FileProvider.h */,
				FB0C9DE51D22517F00E5DBF4 /* FileProvider.m */,
				FB0C9DE71D22517F00E5DBF4 /* Info.plist */,
				FB0C9DE21D22517F00E5DBF4 /* Supporting Files */,
			);
			path = MKDocumentProviderDemoFileProvider;
			sourceTree = "<group>";
		};
		FB0C9DE21D22517F00E5DBF4 /* Supporting Files */ = {
			isa = PBXGroup;
			children = (
				FB0C9DE31D22517F00E5DBF4 /* MKDocumentProviderDemoFileProvider.entitlements */,
			);
			name = "Supporting Files";
			sourceTree = "<group>";
		};
		FB0C9E361D23CAE600E5DBF4 /* Products */ = {
			isa = PBXGroup;
			children = (
				FB0C9E3A1D23CAE600E5DBF4 /* MKTextEdit.app */,
			);
			name = Products;
			sourceTree = "<group>";
		};
/* End PBXGroup section */

/* Begin PBXNativeTarget section */
		FB0C9DB21D22512500E5DBF4 /* MKDocumentProvider */ = {
			isa = PBXNativeTarget;
			buildConfigurationList = FB0C9DCA1D22512500E5DBF4 /* Build configuration list for PBXNativeTarget "MKDocumentProvider" */;
			buildPhases = (
				FB0C9DAF1D22512500E5DBF4 /* Sources */,
				FB0C9DB01D22512500E5DBF4 /* Frameworks */,
				FB0C9DB11D22512500E5DBF4 /* Resources */,
				FB0C9DF41D22517F00E5DBF4 /* Embed App Extensions */,
			);
			buildRules = (
			);
			dependencies = (
				FB0C9DE91D22517F00E5DBF4 /* PBXTargetDependency */,
				FB0C9DEC1D22517F00E5DBF4 /* PBXTargetDependency */,
			);
			name = MKDocumentProvider;
			productName = MKDocumentProvider;
			productReference = FB0C9DB31D22512500E5DBF4 /* MKDocumentProvider.app */;
			productType = "com.apple.product-type.application";
		};
		FB0C9DD01D22517F00E5DBF4 /* MKDocumentProviderDemo */ = {
			isa = PBXNativeTarget;
			buildConfigurationList = FB0C9DF11D22517F00E5DBF4 /* Build configuration list for PBXNativeTarget "MKDocumentProviderDemo" */;
			buildPhases = (
				FB0C9DCD1D22517F00E5DBF4 /* Sources */,
				FB0C9DCE1D22517F00E5DBF4 /* Frameworks */,
				FB0C9DCF1D22517F00E5DBF4 /* Resources */,
			);
			buildRules = (
			);
			dependencies = (
			);
			name = MKDocumentProviderDemo;
			productName = MKDocumentProviderDemo;
			productReference = FB0C9DD11D22517F00E5DBF4 /* MKDocumentProviderDemo.appex */;
			productType = "com.apple.product-type.app-extension";
		};
		FB0C9DDF1D22517F00E5DBF4 /* MKDocumentProviderDemoFileProvider */ = {
			isa = PBXNativeTarget;
			buildConfigurationList = FB0C9DEE1D22517F00E5DBF4 /* Build configuration list for PBXNativeTarget "MKDocumentProviderDemoFileProvider" */;
			buildPhases = (
				FB0C9DDC1D22517F00E5DBF4 /* Sources */,
				FB0C9DDD1D22517F00E5DBF4 /* Frameworks */,
				FB0C9DDE1D22517F00E5DBF4 /* Resources */,
			);
			buildRules = (
			);
			dependencies = (
			);
			name = MKDocumentProviderDemoFileProvider;
			productName = MKDocumentProviderDemoFileProvider;
			productReference = FB0C9DE01D22517F00E5DBF4 /* MKDocumentProviderDemoFileProvider.appex */;
			productType = "com.apple.product-type.app-extension";
		};
/* End PBXNativeTarget section */

/* Begin PBXProject section */
		FB0C9DAB1D22512500E5DBF4 /* Project object */ = {
			isa = PBXProject;
			attributes = {
				LastUpgradeCheck = 0730;
				ORGANIZATIONNAME = Donlinks;
				TargetAttributes = {
					FB0C9DB21D22512500E5DBF4 = {
						CreatedOnToolsVersion = 7.3.1;
						DevelopmentTeam = DM7XAFH5UF;
						SystemCapabilities = {
							com.apple.ApplicationGroups.iOS = {
								enabled = 1;
							};
							com.apple.iCloud = {
								enabled = 1;
							};
						};
					};
					FB0C9DD01D22517F00E5DBF4 = {
						CreatedOnToolsVersion = 7.3.1;
						DevelopmentTeam = DM7XAFH5UF;
					};
					FB0C9DDF1D22517F00E5DBF4 = {
						CreatedOnToolsVersion = 7.3.1;
						DevelopmentTeam = DM7XAFH5UF;
					};
				};
			};
			buildConfigurationList = FB0C9DAE1D22512500E5DBF4 /* Build configuration list for PBXProject "MKDocumentProvider" */;
			compatibilityVersion = "Xcode 3.2";
			developmentRegion = English;
			hasScannedForEncodings = 0;
			knownRegions = (
				en,
				Base,
			);
			mainGroup = FB0C9DAA1D22512500E5DBF4;
			productRefGroup = FB0C9DB41D22512500E5DBF4 /* Products */;
			projectDirPath = "";
			projectReferences = (
				{
					ProductGroup = FB0C9E361D23CAE600E5DBF4 /* Products */;
					ProjectRef = FB0C9E351D23CAE600E5DBF4 /* MKTextEdit.xcodeproj */;
				},
			);
			projectRoot = "";
			targets = (
				FB0C9DB21D22512500E5DBF4 /* MKDocumentProvider */,
				FB0C9DD01D22517F00E5DBF4 /* MKDocumentProviderDemo */,
				FB0C9DDF1D22517F00E5DBF4 /* MKDocumentProviderDemoFileProvider */,
			);
		};
/* End PBXProject section */

/* Begin PBXReferenceProxy section */
		FB0C9E3A1D23CAE600E5DBF4 /* MKTextEdit.app */ = {
			isa = PBXReferenceProxy;
			fileType = wrapper.application;
			path = MKTextEdit.app;
			remoteRef = FB0C9E391D23CAE600E5DBF4 /* PBXContainerItemProxy */;
			sourceTree = BUILT_PRODUCTS_DIR;
		};
/* End PBXReferenceProxy section */

/* Begin PBXResourcesBuildPhase section */
		FB0C9DB11D22512500E5DBF4 /* Resources */ = {
			isa = PBXResourcesBuildPhase;
			buildActionMask = 2147483647;
			files = (
				FB0C9DC61D22512500E5DBF4 /* LaunchScreen.storyboard in Resources */,
				FB0C9DC31D22512500E5DBF4 /* Assets.xcassets in Resources */,
				FB0C9DC11D22512500E5DBF4 /* Main.storyboard in Resources */,
			);
			runOnlyForDeploymentPostprocessing = 0;
		};
		FB0C9DCF1D22517F00E5DBF4 /* Resources */ = {
			isa = PBXResourcesBuildPhase;
			buildActionMask = 2147483647;
			files = (
				FB0C9DDA1D22517F00E5DBF4 /* MainInterface.storyboard in Resources */,
			);
			runOnlyForDeploymentPostprocessing = 0;
		};
		FB0C9DDE1D22517F00E5DBF4 /* Resources */ = {
			isa = PBXResourcesBuildPhase;
			buildActionMask = 2147483647;
			files = (
			);
			runOnlyForDeploymentPostprocessing = 0;
		};
/* End PBXResourcesBuildPhase section */

/* Begin PBXSourcesBuildPhase section */
		FB0C9DAF1D22512500E5DBF4 /* Sources */ = {
			isa = PBXSourcesBuildPhase;
			buildActionMask = 2147483647;
			files = (
				FB0C9DBE1D22512500E5DBF4 /* ViewController.m in Sources */,
				FB0C9DBB1D22512500E5DBF4 /* AppDelegate.m in Sources */,
				FB0C9DB81D22512500E5DBF4 /* main.m in Sources */,
			);
			runOnlyForDeploymentPostprocessing = 0;
		};
		FB0C9DCD1D22517F00E5DBF4 /* Sources */ = {
			isa = PBXSourcesBuildPhase;
			buildActionMask = 2147483647;
			files = (
				FB0C9DD71D22517F00E5DBF4 /* DocumentPickerViewController.m in Sources */,
			);
			runOnlyForDeploymentPostprocessing = 0;
		};
		FB0C9DDC1D22517F00E5DBF4 /* Sources */ = {
			isa = PBXSourcesBuildPhase;
			buildActionMask = 2147483647;
			files = (
				FB0C9DE61D22517F00E5DBF4 /* FileProvider.m in Sources */,
			);
			runOnlyForDeploymentPostprocessing = 0;
		};
/* End PBXSourcesBuildPhase section */

/* Begin PBXTargetDependency section */
		FB0C9DE91D22517F00E5DBF4 /* PBXTargetDependency */ = {
			isa = PBXTargetDependency;
			target = FB0C9DDF1D22517F00E5DBF4 /* MKDocumentProviderDemoFileProvider */;
			targetProxy = FB0C9DE81D22517F00E5DBF4 /* PBXContainerItemProxy */;
		};
		FB0C9DEC1D22517F00E5DBF4 /* PBXTargetDependency */ = {
			isa = PBXTargetDependency;
			target = FB0C9DD01D22517F00E5DBF4 /* MKDocumentProviderDemo */;
			targetProxy = FB0C9DEB1D22517F00E5DBF4 /* PBXContainerItemProxy */;
		};
/* End PBXTargetDependency section */

/* Begin PBXVariantGroup section */
		FB0C9DBF1D22512500E5DBF4 /* Main.storyboard */ = {
			isa = PBXVariantGroup;
			children = (
				FB0C9DC01D22512500E5DBF4 /* Base */,
			);
			name = Main.storyboard;
			sourceTree = "<group>";
		};
		FB0C9DC41D22512500E5DBF4 /* LaunchScreen.storyboard */ = {
			isa = PBXVariantGroup;
			children = (
				FB0C9DC51D22512500E5DBF4 /* Base */,
			);
			name = LaunchScreen.storyboard;
			sourceTree = "<group>";
		};
		FB0C9DD81D22517F00E5DBF4 /* MainInterface.storyboard */ = {
			isa = PBXVariantGroup;
			children = (
				FB0C9DD91D22517F00E5DBF4 /* Base */,
			);
			name = MainInterface.storyboard;
			sourceTree = "<group>";
		};
/* End PBXVariantGroup section */

/* Begin XCBuildConfiguration section */
		FB0C9DC81D22512500E5DBF4 /* Debug */ = {
			isa = XCBuildConfiguration;
			buildSettings = {
				ALWAYS_SEARCH_USER_PATHS = NO;
				CLANG_ANALYZER_NONNULL = YES;
				CLANG_CXX_LANGUAGE_STANDARD = "gnu++0x";
				CLANG_CXX_LIBRARY = "libc++";
				CLANG_ENABLE_MODULES = YES;
				CLANG_ENABLE_OBJC_ARC = YES;
				CLANG_WARN_BOOL_CONVERSION = YES;
				CLANG_WARN_CONSTANT_CONVERSION = YES;
				CLANG_WARN_DIRECT_OBJC_ISA_USAGE = YES_ERROR;
				CLANG_WARN_EMPTY_BODY = YES;
				CLANG_WARN_ENUM_CONVERSION = YES;
				CLANG_WARN_INT_CONVERSION = YES;
				CLANG_WARN_OBJC_ROOT_CLASS = YES_ERROR;
				CLANG_WARN_UNREACHABLE_CODE = YES;
				CLANG_WARN__DUPLICATE_METHOD_MATCH = YES;
				"CODE_SIGN_IDENTITY[sdk=iphoneos*]" = "iPhone Developer";
				COPY_PHASE_STRIP = NO;
				DEBUG_INFORMATION_FORMAT = dwarf;
				ENABLE_STRICT_OBJC_MSGSEND = YES;
				ENABLE_TESTABILITY = YES;
				GCC_C_LANGUAGE_STANDARD = gnu99;
				GCC_DYNAMIC_NO_PIC = NO;
				GCC_NO_COMMON_BLOCKS = YES;
				GCC_OPTIMIZATION_LEVEL = 0;
				GCC_PREPROCESSOR_DEFINITIONS = (
					"DEBUG=1",
					"$(inherited)",
				);
				GCC_WARN_64_TO_32_BIT_CONVERSION = YES;
				GCC_WARN_ABOUT_RETURN_TYPE = YES_ERROR;
				GCC_WARN_UNDECLARED_SELECTOR = YES;
				GCC_WARN_UNINITIALIZED_AUTOS = YES_AGGRESSIVE;
				GCC_WARN_UNUSED_FUNCTION = YES;
				GCC_WARN_UNUSED_VARIABLE = YES;
				IPHONEOS_DEPLOYMENT_TARGET = 9.3;
				MTL_ENABLE_DEBUG_INFO = YES;
				ONLY_ACTIVE_ARCH = YES;
				SDKROOT = iphoneos;
			};
			name = Debug;
		};
		FB0C9DC91D22512500E5DBF4 /* Release */ = {
			isa = XCBuildConfiguration;
			buildSettings = {
				ALWAYS_SEARCH_USER_PATHS = NO;
				CLANG_ANALYZER_NONNULL = YES;
				CLANG_CXX_LANGUAGE_STANDARD = "gnu++0x";
				CLANG_CXX_LIBRARY = "libc++";
				CLANG_ENABLE_MODULES = YES;
				CLANG_ENABLE_OBJC_ARC = YES;
				CLANG_WARN_BOOL_CONVERSION = YES;
				CLANG_WARN_CONSTANT_CONVERSION = YES;
				CLANG_WARN_DIRECT_OBJC_ISA_USAGE = YES_ERROR;
				CLANG_WARN_EMPTY_BODY = YES;
				CLANG_WARN_ENUM_CONVERSION = YES;
				CLANG_WARN_INT_CONVERSION = YES;
				CLANG_WARN_OBJC_ROOT_CLASS = YES_ERROR;
				CLANG_WARN_UNREACHABLE_CODE = YES;
				CLANG_WARN__DUPLICATE_METHOD_MATCH = YES;
				"CODE_SIGN_IDENTITY[sdk=iphoneos*]" = "iPhone Developer";
				COPY_PHASE_STRIP = NO;
				DEBUG_INFORMATION_FORMAT = "dwarf-with-dsym";
				ENABLE_NS_ASSERTIONS = NO;
				ENABLE_STRICT_OBJC_MSGSEND = YES;
				GCC_C_LANGUAGE_STANDARD = gnu99;
				GCC_NO_COMMON_BLOCKS = YES;
				GCC_WARN_64_TO_32_BIT_CONVERSION = YES;
				GCC_WARN_ABOUT_RETURN_TYPE = YES_ERROR;
				GCC_WARN_UNDECLARED_SELECTOR = YES;
				GCC_WARN_UNINITIALIZED_AUTOS = YES_AGGRESSIVE;
				GCC_WARN_UNUSED_FUNCTION = YES;
				GCC_WARN_UNUSED_VARIABLE = YES;
				IPHONEOS_DEPLOYMENT_TARGET = 9.3;
				MTL_ENABLE_DEBUG_INFO = NO;
				SDKROOT = iphoneos;
				VALIDATE_PRODUCT = YES;
			};
			name = Release;
		};
		FB0C9DCB1D22512500E5DBF4 /* Debug */ = {
			isa = XCBuildConfiguration;
			buildSettings = {
				ASSETCATALOG_COMPILER_APPICON_NAME = AppIcon;
				CODE_SIGN_ENTITLEMENTS = MKDocumentProvider/MKDocumentProvider.entitlements;
				CODE_SIGN_IDENTITY = "iPhone Developer";
				INFOPLIST_FILE = MKDocumentProvider/Info.plist;
				LD_RUNPATH_SEARCH_PATHS = "$(inherited) @executable_path/Frameworks";
				PRODUCT_BUNDLE_IDENTIFIER = com.donlinks.MKDocumentProvider;
				PRODUCT_NAME = "$(TARGET_NAME)";
			};
			name = Debug;
		};
		FB0C9DCC1D22512500E5DBF4 /* Release */ = {
			isa = XCBuildConfiguration;
			buildSettings = {
				ASSETCATALOG_COMPILER_APPICON_NAME = AppIcon;
				CODE_SIGN_ENTITLEMENTS = MKDocumentProvider/MKDocumentProvider.entitlements;
				CODE_SIGN_IDENTITY = "iPhone Developer";
				INFOPLIST_FILE = MKDocumentProvider/Info.plist;
				LD_RUNPATH_SEARCH_PATHS = "$(inherited) @executable_path/Frameworks";
				PRODUCT_BUNDLE_IDENTIFIER = com.donlinks.MKDocumentProvider;
				PRODUCT_NAME = "$(TARGET_NAME)";
			};
			name = Release;
		};
		FB0C9DEF1D22517F00E5DBF4 /* Debug */ = {
			isa = XCBuildConfiguration;
			buildSettings = {
				CODE_SIGN_ENTITLEMENTS = MKDocumentProviderDemoFileProvider/MKDocumentProviderDemoFileProvider.entitlements;
				CODE_SIGN_IDENTITY = "iPhone Developer";
				"CODE_SIGN_IDENTITY[sdk=iphoneos*]" = "iPhone Developer";
				INFOPLIST_FILE = MKDocumentProviderDemoFileProvider/Info.plist;
				LD_RUNPATH_SEARCH_PATHS = "$(inherited) @executable_path/Frameworks @executable_path/../../Frameworks";
				PRODUCT_BUNDLE_IDENTIFIER = com.donlinks.MKDocumentProvider.MKDocumentProviderDemoFileProvider;
				PRODUCT_NAME = "$(TARGET_NAME)";
				PROVISIONING_PROFILE = "";
				SKIP_INSTALL = YES;
			};
			name = Debug;
		};
		FB0C9DF01D22517F00E5DBF4 /* Release */ = {
			isa = XCBuildConfiguration;
			buildSettings = {
				CODE_SIGN_ENTITLEMENTS = MKDocumentProviderDemoFileProvider/MKDocumentProviderDemoFileProvider.entitlements;
				CODE_SIGN_IDENTITY = "iPhone Developer";
				"CODE_SIGN_IDENTITY[sdk=iphoneos*]" = "iPhone Developer";
				INFOPLIST_FILE = MKDocumentProviderDemoFileProvider/Info.plist;
				LD_RUNPATH_SEARCH_PATHS = "$(inherited) @executable_path/Frameworks @executable_path/../../Frameworks";
				PRODUCT_BUNDLE_IDENTIFIER = com.donlinks.MKDocumentProvider.MKDocumentProviderDemoFileProvider;
				PRODUCT_NAME = "$(TARGET_NAME)";
				PROVISIONING_PROFILE = "";
				SKIP_INSTALL = YES;
			};
			name = Release;
		};
		FB0C9DF21D22517F00E5DBF4 /* Debug */ = {
			isa = XCBuildConfiguration;
			buildSettings = {
				CODE_SIGN_ENTITLEMENTS = MKDocumentProviderDemo/MKDocumentProviderDemo.entitlements;
				CODE_SIGN_IDENTITY = "iPhone Developer";
				"CODE_SIGN_IDENTITY[sdk=iphoneos*]" = "iPhone Developer";
				INFOPLIST_FILE = MKDocumentProviderDemo/Info.plist;
				LD_RUNPATH_SEARCH_PATHS = "$(inherited) @executable_path/Frameworks @executable_path/../../Frameworks";
				PRODUCT_BUNDLE_IDENTIFIER = com.donlinks.MKDocumentProvider.MKDocumentProviderDemo;
				PRODUCT_NAME = "$(TARGET_NAME)";
				PROVISIONING_PROFILE = "";
				SKIP_INSTALL = YES;
			};
			name = Debug;
		};
		FB0C9DF31D22517F00E5DBF4 /* Release */ = {
			isa = XCBuildConfiguration;
			buildSettings = {
				CODE_SIGN_ENTITLEMENTS = MKDocumentProviderDemo/MKDocumentProviderDemo.entitlements;
				CODE_SIGN_IDENTITY = "iPhone Developer";
				"CODE_SIGN_IDENTITY[sdk=iphoneos*]" = "iPhone Developer";
				INFOPLIST_FILE = MKDocumentProviderDemo/Info.plist;
				LD_RUNPATH_SEARCH_PATHS = "$(inherited) @executable_path/Frameworks @executable_path/../../Frameworks";
				PRODUCT_BUNDLE_IDENTIFIER = com.donlinks.MKDocumentProvider.MKDocumentProviderDemo;
				PRODUCT_NAME = "$(TARGET_NAME)";
				PROVISIONING_PROFILE = "";
				SKIP_INSTALL = YES;
			};
			name = Release;
		};
/* End XCBuildConfiguration section */

/* Begin XCConfigurationList section */
		FB0C9DAE1D22512500E5DBF4 /* Build configuration list for PBXProject "MKDocumentProvider" */ = {
			isa = XCConfigurationList;
			buildConfigurations = (
				FB0C9DC81D22512500E5DBF4 /* Debug */,
				FB0C9DC91D22512500E5DBF4 /* Release */,
			);
			defaultConfigurationIsVisible = 0;
			defaultConfigurationName = Release;
		};
		FB0C9DCA1D22512500E5DBF4 /* Build configuration list for PBXNativeTarget "MKDocumentProvider" */ = {
			isa = XCConfigurationList;
			buildConfigurations = (
				FB0C9DCB1D22512500E5DBF4 /* Debug */,
				FB0C9DCC1D22512500E5DBF4 /* Release */,
			);
			defaultConfigurationIsVisible = 0;
			defaultConfigurationName = Release;
		};
		FB0C9DEE1D22517F00E5DBF4 /* Build configuration list for PBXNativeTarget "MKDocumentProviderDemoFileProvider" */ = {
			isa = XCConfigurationList;
			buildConfigurations = (
				FB0C9DEF1D22517F00E5DBF4 /* Debug */,
				FB0C9DF01D22517F00E5DBF4 /* Release */,
			);
			defaultConfigurationIsVisible = 0;
			defaultConfigurationName = Release;
		};
		FB0C9DF11D22517F00E5DBF4 /* Build configuration list for PBXNativeTarget "MKDocumentProviderDemo" */ = {
			isa = XCConfigurationList;
			buildConfigurations = (
				FB0C9DF21D22517F00E5DBF4 /* Debug */,
				FB0C9DF31D22517F00E5DBF4 /* Release */,
			);
			defaultConfigurationIsVisible = 0;
			defaultConfigurationName = Release;
		};
/* End XCConfigurationList section */
	};
	rootObject = FB0C9DAB1D22512500E5DBF4 /* Project object */;
}
